<?xml version="1.0" encoding="utf-8"?>
<Project ToolsVersion="4.0" xmlns="http://schemas.microsoft.com/developer/msbuild/2003">
  <ItemGroup>
    <Filter Include="ソース ファイル">
      <UniqueIdentifier>{4FC737F1-C7A5-4376-A066-2A32D752A2FF}</UniqueIdentifier>
      <Extensions>cpp;c;cc;cxx;c++;cppm;ixx;def;odl;idl;hpj;bat;asm;asmx</Extensions>
    </Filter>
    <Filter Include="ヘッダー ファイル">
      <UniqueIdentifier>{93995380-89BD-4b04-88EB-625FBE52EBFB}</UniqueIdentifier>
      <Extensions>h;hh;hpp;hxx;h++;hm;inl;inc;ipp;xsd</Extensions>
    </Filter>
    <Filter Include="リソース ファイル">
      <UniqueIdentifier>{67DA6AB6-F800-4c08-8B7A-83BB121AAD01}</UniqueIdentifier>
      <Extensions>rc;ico;cur;bmp;dlg;rc2;rct;bin;rgs;gif;jpg;jpeg;jpe;resx;tiff;tif;png;wav;mfcribbon-ms</Extensions>
    </Filter>
    <Filter Include="ソース ファイル\System">
      <UniqueIdentifier>{2a3d519f-a3c0-4a4a-af06-b0537a0a051d}</UniqueIdentifier>
    </Filter>
    <Filter Include="ヘッダー ファイル\System">
      <UniqueIdentifier>{4d6bd152-1ac9-47dc-83a6-94ad0cbe92e5}</UniqueIdentifier>
    </Filter>
    <Filter Include="ソース ファイル\System\Imgui">
      <UniqueIdentifier>{6cbbc562-788c-431a-94ae-16fec2ebce34}</UniqueIdentifier>
    </Filter>
    <Filter Include="ヘッダー ファイル\System\Imgui">
      <UniqueIdentifier>{f6c5029c-972f-4fda-9585-f9e02d2528b6}</UniqueIdentifier>
    </Filter>
    <Filter Include="リソース ファイル\PS">
      <UniqueIdentifier>{0f8027e7-b602-4e88-8c30-e3e886d598d9}</UniqueIdentifier>
    </Filter>
    <Filter Include="リソース ファイル\VS">
      <UniqueIdentifier>{6e7d95ca-4837-4cd6-9bf7-4625a4fe59f6}</UniqueIdentifier>
    </Filter>
    <Filter Include="リソース ファイル\GS">
      <UniqueIdentifier>{dc43e030-aa64-4ca3-95da-4a4055838492}</UniqueIdentifier>
    </Filter>
  </ItemGroup>
  <ItemGroup>
    <ClInclude Include="system\imgui\imconfig.h">
      <Filter>ヘッダー ファイル\System\Imgui</Filter>
    </ClInclude>
    <ClInclude Include="system\imgui\imstb_truetype.h">
      <Filter>ヘッダー ファイル\System\Imgui</Filter>
    </ClInclude>
    <ClInclude Include="system\imgui\imstb_textedit.h">
      <Filter>ヘッダー ファイル\System\Imgui</Filter>
    </ClInclude>
    <ClInclude Include="system\imgui\imstb_rectpack.h">
      <Filter>ヘッダー ファイル\System\Imgui</Filter>
    </ClInclude>
    <ClInclude Include="system\imgui\imgui_internal.h">
      <Filter>ヘッダー ファイル\System\Imgui</Filter>
    </ClInclude>
    <ClInclude Include="system\imgui\imgui_impl_win32.h">
      <Filter>ヘッダー ファイル\System\Imgui</Filter>
    </ClInclude>
    <ClInclude Include="system\imgui\imgui_impl_dx11.h">
      <Filter>ヘッダー ファイル\System\Imgui</Filter>
    </ClInclude>
    <ClInclude Include="system\imgui\imgui.h">
      <Filter>ヘッダー ファイル\System\Imgui</Filter>
    </ClInclude>
    <ClInclude Include="system\transform.h">
      <Filter>ヘッダー ファイル\System</Filter>
    </ClInclude>
    <ClInclude Include="system\renderer.h">
      <Filter>ヘッダー ファイル\System</Filter>
    </ClInclude>
    <ClInclude Include="system\noncopyable.h">
      <Filter>ヘッダー ファイル\System</Filter>
    </ClInclude>
    <ClInclude Include="system\commontypes.h">
      <Filter>ヘッダー ファイル\System</Filter>
    </ClInclude>
    <ClInclude Include="main.h">
      <Filter>ヘッダー ファイル</Filter>
    </ClInclude>
    <ClInclude Include="game.h">
      <Filter>ヘッダー ファイル</Filter>
    </ClInclude>
    <ClInclude Include="fpscontrol.h">
      <Filter>ヘッダー ファイル</Filter>
    </ClInclude>
    <ClInclude Include="Application.h">
      <Filter>ヘッダー ファイル</Filter>
    </ClInclude>
    <ClInclude Include="scenemanager.h">
      <Filter>ヘッダー ファイル</Filter>
    </ClInclude>
    <ClInclude Include="system\IScene.h">
      <Filter>ヘッダー ファイル\System</Filter>
    </ClInclude>
    <ClInclude Include="ImageDisplayScene.h">
      <Filter>ヘッダー ファイル</Filter>
    </ClInclude>
    <ClInclude Include="camera.h">
      <Filter>ヘッダー ファイル</Filter>
    </ClInclude>
    <ClInclude Include="system\CTexture.h">
      <Filter>ヘッダー ファイル\System</Filter>
    </ClInclude>
    <ClInclude Include="system\CMaterial.h">
      <Filter>ヘッダー ファイル\System</Filter>
    </ClInclude>
    <ClInclude Include="system\CSprite.h">
      <Filter>ヘッダー ファイル\System</Filter>
    </ClInclude>
    <ClInclude Include="system\CShader.h">
      <Filter>ヘッダー ファイル\System</Filter>
    </ClInclude>
    <ClInclude Include="system\CPolar3D.h">
      <Filter>ヘッダー ファイル\System</Filter>
    </ClInclude>
    <ClInclude Include="system\dx11helper.h">
      <Filter>ヘッダー ファイル\System</Filter>
    </ClInclude>
    <ClInclude Include="system\CIndexBuffer.h">
      <Filter>ヘッダー ファイル\System</Filter>
    </ClInclude>
    <ClInclude Include="system\CVertexBuffer.h">
      <Filter>ヘッダー ファイル\System</Filter>
    </ClInclude>
    <ClInclude Include="system\stb_image.h">
      <Filter>ヘッダー ファイル\System</Filter>
    </ClInclude>
  </ItemGroup>
  <ItemGroup>
    <ClCompile Include="system\imgui\imgui.cpp">
      <Filter>ソース ファイル\System\Imgui</Filter>
    </ClCompile>
    <ClCompile Include="system\imgui\imgui_demo.cpp">
      <Filter>ソース ファイル\System\Imgui</Filter>
    </ClCompile>
    <ClCompile Include="system\imgui\imgui_draw.cpp">
      <Filter>ソース ファイル\System\Imgui</Filter>
    </ClCompile>
    <ClCompile Include="system\imgui\imgui_impl_dx11.cpp">
      <Filter>ソース ファイル\System\Imgui</Filter>
    </ClCompile>
    <ClCompile Include="system\imgui\imgui_impl_win32.cpp">
      <Filter>ソース ファイル\System\Imgui</Filter>
    </ClCompile>
    <ClCompile Include="system\imgui\imgui_tables.cpp">
      <Filter>ソース ファイル\System\Imgui</Filter>
    </ClCompile>
    <ClCompile Include="system\imgui\imgui_widgets.cpp">
      <Filter>ソース ファイル\System\Imgui</Filter>
    </ClCompile>
    <ClCompile Include="system\renderer.cpp">
      <Filter>ソース ファイル\System</Filter>
    </ClCompile>
    <ClCompile Include="Application.cpp">
      <Filter>ソース ファイル</Filter>
    </ClCompile>
    <ClCompile Include="game.cpp">
      <Filter>ソース ファイル</Filter>
    </ClCompile>
    <ClCompile Include="main.cpp">
      <Filter>ソース ファイル</Filter>
    </ClCompile>
    <ClCompile Include="scenemanager.cpp">
      <Filter>ソース ファイル</Filter>
    </ClCompile>
    <ClCompile Include="ImageDisplayScene.cpp">
      <Filter>ソース ファイル</Filter>
    </ClCompile>
    <ClCompile Include="camera.cpp">
      <Filter>ソース ファイル</Filter>
    </ClCompile>
    <ClCompile Include="system\CTexture.cpp">
      <Filter>ソース ファイル\System</Filter>
    </ClCompile>
    <ClCompile Include="system\CSprite.cpp">
      <Filter>ソース ファイル\System</Filter>
    </ClCompile>
    <ClCompile Include="system\CShader.cpp">
      <Filter>ソース ファイル\System</Filter>
    </ClCompile>
    <ClCompile Include="system\dx11helper.cpp">
      <Filter>ソース ファイル\System</Filter>
    </ClCompile>
    <ClCompile Include="system\stb.cpp">
      <Filter>ソース ファイル\System</Filter>
    </ClCompile>
  </ItemGroup>
  <ItemGroup>
    <FxCompile Include="shader\common.hlsl">
      <Filter>リソース ファイル</Filter>
    </FxCompile>
    <FxCompile Include="shader\unlitTexturePS.hlsl">
      <Filter>リソース ファイル\PS</Filter>
    </FxCompile>
    <FxCompile Include="shader\unlitTextureVS.hlsl">
      <Filter>リソース ファイル\VS</Filter>
    </FxCompile>
    <FxCompile Include="shader\vertexLightingPS.hlsl">
      <Filter>リソース ファイル\PS</Filter>
    </FxCompile>
    <FxCompile Include="shader\vertexLightingVS.hlsl">
      <Filter>リソース ファイル\VS</Filter>
    </FxCompile>
    <FxCompile Include="shader\vertexLightingOneSkinVS.hlsl">
      <Filter>リソース ファイル\VS</Filter>
    </FxCompile>
    <FxCompile Include="shader\GeometryShader.hlsl">
      <Filter>リソース ファイル\GS</Filter>
    </FxCompile>
  </ItemGroup>
</Project>